
Microsoft Visual Studio Solution File, Format Version 12.00
# Visual Studio Version 17
VisualStudioVersion = 17.3.32819.101
MinimumVisualStudioVersion = 10.0.40219.1
Project("{FAE04EC0-301F-11D3-BF4B-00C04F79EFBC}") = "Develorem.Discord.ChatGptBot", "Develorem.Discord.ChatGptBot\Develorem.Discord.ChatGptBot.csproj", "{AD119654-CC8F-452C-A7A0-23C6112F6A6A}"
EndProject
Global
	GlobalSection(SolutionConfigurationPlatforms) = preSolution
		Debug|Any CPU = Debug|Any CPU
		Release|Any CPU = Release|Any CPU
	EndGlobalSection
	GlobalSection(ProjectConfigurationPlatforms) = postSolution
		{AD119654-CC8F-452C-A7A0-23C6112F6A6A}.Debug|Any CPU.ActiveCfg = Debug|Any CPU
		{AD119654-CC8F-452C-A7A0-23C6112F6A6A}.Debug|Any CPU.Build.0 = Debug|Any CPU
		{AD119654-CC8F-452C-A7A0-23C6112F6A6A}.Release|Any CPU.ActiveCfg = Release|Any CPU
		{AD119654-CC8F-452C-A7A0-23C6112F6A6A}.Release|Any CPU.Build.0 = Release|Any CPU
	EndGlobalSection
	GlobalSection(SolutionProperties) = preSolution
		HideSolutionNode = FALSE
	EndGlobalSection
	GlobalSection(ExtensibilityGlobals) = postSolution
		SolutionGuid = {273147C1-90F5-4872-A7DF-86EE05F4E8BB}
	EndGlobalSection
EndGlobal
